
Microsoft Visual Studio Solution File, Format Version 12.00
# Visual Studio Version 17
VisualStudioVersion = 17.8.34330.188
MinimumVisualStudioVersion = 10.0.40219.1
Project("{FAE04EC0-301F-11D3-BF4B-00C04F79EFBC}") = "BankAccount.App", "BankAccount\BankAccount.App.csproj", "{F47326C9-2047-45D4-818A-29F4DAD37D7E}"
EndProject
Project("{FAE04EC0-301F-11D3-BF4B-00C04F79EFBC}") = "BankAccount.Tests", "BankAccount.Tests\BankAccount.Tests.csproj", "{2F02BC98-160B-4812-BA51-CFC195DA1E12}"
EndProject
Global
	GlobalSection(SolutionConfigurationPlatforms) = preSolution
		Debug|Any CPU = Debug|Any CPU
		Release|Any CPU = Release|Any CPU
	EndGlobalSection
	GlobalSection(ProjectConfigurationPlatforms) = postSolution
		{F47326C9-2047-45D4-818A-29F4DAD37D7E}.Debug|Any CPU.ActiveCfg = Debug|Any CPU
		{F47326C9-2047-45D4-818A-29F4DAD37D7E}.Debug|Any CPU.Build.0 = Debug|Any CPU
		{F47326C9-2047-45D4-818A-29F4DAD37D7E}.Release|Any CPU.ActiveCfg = Release|Any CPU
		{F47326C9-2047-45D4-818A-29F4DAD37D7E}.Release|Any CPU.Build.0 = Release|Any CPU
		{2F02BC98-160B-4812-BA51-CFC195DA1E12}.Debug|Any CPU.ActiveCfg = Debug|Any CPU
		{2F02BC98-160B-4812-BA51-CFC195DA1E12}.Debug|Any CPU.Build.0 = Debug|Any CPU
		{2F02BC98-160B-4812-BA51-CFC195DA1E12}.Release|Any CPU.ActiveCfg = Release|Any CPU
		{2F02BC98-160B-4812-BA51-CFC195DA1E12}.Release|Any CPU.Build.0 = Release|Any CPU
	EndGlobalSection
	GlobalSection(SolutionProperties) = preSolution
		HideSolutionNode = FALSE
	EndGlobalSection
	GlobalSection(ExtensibilityGlobals) = postSolution
		SolutionGuid = {06D13E4A-C59F-40E0-94AE-875771603E61}
	EndGlobalSection
EndGlobal
